
Microsoft Visual Studio Solution File, Format Version 12.00
# Visual Studio Version 16
VisualStudioVersion = 16.0.31911.196
MinimumVisualStudioVersion = 10.0.40219.1
Project("{8BC9CEB8-8B4A-11D0-8D11-00A0C91BC942}") = "Task1", "Task1\Task1.vcxproj", "{C10635BA-9EB7-4B07-8E75-2AAC5F0266B6}"
EndProject
Global
	GlobalSection(SolutionConfigurationPlatforms) = preSolution
		Debug|x64 = Debug|x64
		Debug|x86 = Debug|x86
		Release|x64 = Release|x64
		Release|x86 = Release|x86
	EndGlobalSection
	GlobalSection(ProjectConfigurationPlatforms) = postSolution
		{C10635BA-9EB7-4B07-8E75-2AAC5F0266B6}.Debug|x64.ActiveCfg = Debug|x64
		{C10635BA-9EB7-4B07-8E75-2AAC5F0266B6}.Debug|x64.Build.0 = Debug|x64
		{C10635BA-9EB7-4B07-8E75-2AAC5F0266B6}.Debug|x86.ActiveCfg = Debug|Win32
		{C10635BA-9EB7-4B07-8E75-2AAC5F0266B6}.Debug|x86.Build.0 = Debug|Win32
		{C10635BA-9EB7-4B07-8E75-2AAC5F0266B6}.Release|x64.ActiveCfg = Release|x64
		{C10635BA-9EB7-4B07-8E75-2AAC5F0266B6}.Release|x64.Build.0 = Release|x64
		{C10635BA-9EB7-4B07-8E75-2AAC5F0266B6}.Release|x86.ActiveCfg = Release|Win32
		{C10635BA-9EB7-4B07-8E75-2AAC5F0266B6}.Release|x86.Build.0 = Release|Win32
	EndGlobalSection
	GlobalSection(SolutionProperties) = preSolution
		HideSolutionNode = FALSE
	EndGlobalSection
	GlobalSection(ExtensibilityGlobals) = postSolution
		SolutionGuid = {473A91F6-6EA7-45F1-9E6F-CDDF2C29E8B6}
	EndGlobalSection
EndGlobal
